
Microsoft Visual Studio Solution File, Format Version 12.00
# Visual Studio Version 16
VisualStudioVersion = 25.0.1706.11
MinimumVisualStudioVersion = 10.0.40219.1
Project("{FAE04EC0-301F-11D3-BF4B-00C04F79EFBC}") = "CustomersApi", "CustomersApi\CustomersApi.csproj", "{E4E39259-2FAB-4E08-B8D1-AF54C90B051D}"
EndProject
Project("{FAE04EC0-301F-11D3-BF4B-00C04F79EFBC}") = "ReservationsApi", "ReservationsApi\ReservationsApi.csproj", "{04F99A19-B9BC-479D-9DA9-F779E70DE904}"
EndProject
Project("{FAE04EC0-301F-11D3-BF4B-00C04F79EFBC}") = "VehiclesApi", "VehiclesApi\VehiclesApi.csproj", "{F4B5E8C7-630F-4C04-AEDC-2D276CA7CC9D}"
EndProject
Global
	GlobalSection(SolutionConfigurationPlatforms) = preSolution
		Debug|Any CPU = Debug|Any CPU
		Release|Any CPU = Release|Any CPU
	EndGlobalSection
	GlobalSection(ProjectConfigurationPlatforms) = postSolution
		{E4E39259-2FAB-4E08-B8D1-AF54C90B051D}.Debug|Any CPU.ActiveCfg = Debug|Any CPU
		{E4E39259-2FAB-4E08-B8D1-AF54C90B051D}.Debug|Any CPU.Build.0 = Debug|Any CPU
		{E4E39259-2FAB-4E08-B8D1-AF54C90B051D}.Release|Any CPU.ActiveCfg = Release|Any CPU
		{E4E39259-2FAB-4E08-B8D1-AF54C90B051D}.Release|Any CPU.Build.0 = Release|Any CPU
		{04F99A19-B9BC-479D-9DA9-F779E70DE904}.Debug|Any CPU.ActiveCfg = Debug|Any CPU
		{04F99A19-B9BC-479D-9DA9-F779E70DE904}.Debug|Any CPU.Build.0 = Debug|Any CPU
		{04F99A19-B9BC-479D-9DA9-F779E70DE904}.Release|Any CPU.ActiveCfg = Release|Any CPU
		{04F99A19-B9BC-479D-9DA9-F779E70DE904}.Release|Any CPU.Build.0 = Release|Any CPU
		{F4B5E8C7-630F-4C04-AEDC-2D276CA7CC9D}.Debug|Any CPU.ActiveCfg = Debug|Any CPU
		{F4B5E8C7-630F-4C04-AEDC-2D276CA7CC9D}.Debug|Any CPU.Build.0 = Debug|Any CPU
		{F4B5E8C7-630F-4C04-AEDC-2D276CA7CC9D}.Release|Any CPU.ActiveCfg = Release|Any CPU
		{F4B5E8C7-630F-4C04-AEDC-2D276CA7CC9D}.Release|Any CPU.Build.0 = Release|Any CPU
	EndGlobalSection
	GlobalSection(SolutionProperties) = preSolution
		HideSolutionNode = FALSE
	EndGlobalSection
	GlobalSection(ExtensibilityGlobals) = postSolution
		SolutionGuid = {D37AEA00-251D-4319-8D09-5C5D5E2BA31C}
	EndGlobalSection
EndGlobal
