
Microsoft Visual Studio Solution File, Format Version 12.00
# Visual Studio Version 16
VisualStudioVersion = 25.0.1706.11
MinimumVisualStudioVersion = 10.0.40219.1
Project("{FAE04EC0-301F-11D3-BF4B-00C04F79EFBC}") = "VehicleTestDrive", "VehicleTestDrive\VehicleTestDrive.csproj", "{D4A2DC3A-7786-4609-8778-40FAB830E5BD}"
EndProject
Global
	GlobalSection(SolutionConfigurationPlatforms) = preSolution
		Debug|Any CPU = Debug|Any CPU
		Release|Any CPU = Release|Any CPU
	EndGlobalSection
	GlobalSection(ProjectConfigurationPlatforms) = postSolution
		{D4A2DC3A-7786-4609-8778-40FAB830E5BD}.Debug|Any CPU.ActiveCfg = Debug|Any CPU
		{D4A2DC3A-7786-4609-8778-40FAB830E5BD}.Debug|Any CPU.Build.0 = Debug|Any CPU
		{D4A2DC3A-7786-4609-8778-40FAB830E5BD}.Release|Any CPU.ActiveCfg = Release|Any CPU
		{D4A2DC3A-7786-4609-8778-40FAB830E5BD}.Release|Any CPU.Build.0 = Release|Any CPU
	EndGlobalSection
	GlobalSection(SolutionProperties) = preSolution
		HideSolutionNode = FALSE
	EndGlobalSection
	GlobalSection(ExtensibilityGlobals) = postSolution
		SolutionGuid = {D37AEA00-251D-4319-8D09-5C5D5E2BA31C}
	EndGlobalSection
EndGlobal
